Microsoft Visual Studio Solution File, Format Version 12.00
# Visual Studio Version 17
VisualStudioVersion = 17.5.2.0
MinimumVisualStudioVersion = 10.0.40219.1
Project("{FAE04EC0-301F-11D3-BF4B-00C04F79EFBC}") = "cse325_team7_project", "cse325_team7_project.csproj", "{DBAC7A52-A7F5-2D89-0749-DFC35AEA795B}"
EndProject
Global
	GlobalSection(SolutionConfigurationPlatforms) = preSolution
		Debug|Any CPU = Debug|Any CPU
		Release|Any CPU = Release|Any CPU
	EndGlobalSection
	GlobalSection(ProjectConfigurationPlatforms) = postSolution
		{DBAC7A52-A7F5-2D89-0749-DFC35AEA795B}.Debug|Any CPU.ActiveCfg = Debug|Any CPU
		{DBAC7A52-A7F5-2D89-0749-DFC35AEA795B}.Debug|Any CPU.Build.0 = Debug|Any CPU
		{DBAC7A52-A7F5-2D89-0749-DFC35AEA795B}.Release|Any CPU.ActiveCfg = Release|Any CPU
		{DBAC7A52-A7F5-2D89-0749-DFC35AEA795B}.Release|Any CPU.Build.0 = Release|Any CPU
	EndGlobalSection
	GlobalSection(SolutionProperties) = preSolution
		HideSolutionNode = FALSE
	EndGlobalSection
	GlobalSection(ExtensibilityGlobals) = postSolution
		SolutionGuid = {53169E99-655C-4CEA-801D-23BECA835F6E}
	EndGlobalSection
EndGlobal
